// !$*UTF8*$!
{
	archiveVersion = 1;
	classes = {
	};
	objectVersion = 46;
	objects = {

/* Begin PBXAggregateTarget section */
		19F5980115CF4CB1003E7CA0 /* DevBuild */ = {
			isa = PBXAggregateTarget;
			buildConfigurationList = 19F5980215CF4CB1003E7CA0 /* Build configuration list for PBXAggregateTarget "DevBuild" */;
			buildPhases = (
			);
			dependencies = (
				19F5987215CF514D003E7CA0 /* PBXTargetDependency */,
				19F5987415CF514D003E7CA0 /* PBXTargetDependency */,
			);
			name = DevBuild;
			productName = DevBuild;
		};
/* End PBXAggregateTarget section */

/* Begin PBXBuildFile section */
		19C7834B15CF060300E8831A /* UIKit.framework in Frameworks */ = {isa = PBXBuildFile; fileRef = 19C7834A15CF060300E8831A /* UIKit.framework */; };
		19C7834F15CF060300E8831A /* CoreGraphics.framework in Frameworks */ = {isa = PBXBuildFile; fileRef = 19C7834E15CF060300E8831A /* CoreGraphics.framework */; };
		19F597F615CF4C45003E7CA0 /* AppDelegate.m in Sources */ = {isa = PBXBuildFile; fileRef = 19F597F415CF4C45003E7CA0 /* AppDelegate.m */; };
		19F5982015CF4E4E003E7CA0 /* UIKit.framework in Frameworks */ = {isa = PBXBuildFile; fileRef = 19C7834A15CF060300E8831A /* UIKit.framework */; };
		19F5982215CF4E4E003E7CA0 /* CoreGraphics.framework in Frameworks */ = {isa = PBXBuildFile; fileRef = 19C7834E15CF060300E8831A /* CoreGraphics.framework */; };
		19F5982815CF4E4E003E7CA0 /* InfoPlist.strings in Resources */ = {isa = PBXBuildFile; fileRef = 19F5982615CF4E4E003E7CA0 /* InfoPlist.strings */; };
		19F5983B15CF4FBC003E7CA0 /* libTestFlight.a in Frameworks */ = {isa = PBXBuildFile; fileRef = 19F5983715CF4FBC003E7CA0 /* libTestFlight.a */; };
		19F5983C15CF4FBC003E7CA0 /* GHUnitIOS.framework in Frameworks */ = {isa = PBXBuildFile; fileRef = 19F5983915CF4FBC003E7CA0 /* GHUnitIOS.framework */; };
		19F5983D15CF4FBC003E7CA0 /* BlocksKit.framework in Frameworks */ = {isa = PBXBuildFile; fileRef = 19F5983A15CF4FBC003E7CA0 /* BlocksKit.framework */; };
		19F5983E15CF4FD1003E7CA0 /* GHUnitIOS.framework in Frameworks */ = {isa = PBXBuildFile; fileRef = 19F5983915CF4FBC003E7CA0 /* GHUnitIOS.framework */; };
		19F5984115CF504F003E7CA0 /* main.m in Sources */ = {isa = PBXBuildFile; fileRef = 19F5984015CF504F003E7CA0 /* main.m */; };
		19F5987015CF50E8003E7CA0 /* main.m in Sources */ = {isa = PBXBuildFile; fileRef = 19F5986F15CF50E8003E7CA0 /* main.m */; };
		19F5987515CF517B003E7CA0 /* Foundation.framework in Frameworks */ = {isa = PBXBuildFile; fileRef = 19C7834C15CF060300E8831A /* Foundation.framework */; };
		19F5987615CF517B003E7CA0 /* Foundation.framework in Frameworks */ = {isa = PBXBuildFile; fileRef = 19C7834C15CF060300E8831A /* Foundation.framework */; };
/* End PBXBuildFile section */

/* Begin PBXContainerItemProxy section */
		19F5987115CF514D003E7CA0 /* PBXContainerItemProxy */ = {
			isa = PBXContainerItemProxy;
			containerPortal = 19C7833D15CF060300E8831A /* Project object */;
			proxyType = 1;
			remoteGlobalIDString = 19C7834515CF060300E8831A;
			remoteInfo = "${PRODUCT_NAME}";
		};
		19F5987315CF514D003E7CA0 /* PBXContainerItemProxy */ = {
			isa = PBXContainerItemProxy;
			containerPortal = 19C7833D15CF060300E8831A /* Project object */;
			proxyType = 1;
			remoteGlobalIDString = 19F5981D15CF4E4E003E7CA0;
			remoteInfo = UnitTest;
		};
/* End PBXContainerItemProxy section */

/* Begin PBXFileReference section */
		19C7834615CF060300E8831A /* ${PRODUCT_NAME}.app */ = {isa = PBXFileReference; explicitFileType = wrapper.application; includeInIndex = 0; name = "${PRODUCT_NAME}.app"; path = FooBar.app; sourceTree = BUILT_PRODUCTS_DIR; };
		19C7834A15CF060300E8831A /* UIKit.framework */ = {isa = PBXFileReference; lastKnownFileType = wrapper.framework; name = UIKit.framework; path = System/Library/Frameworks/UIKit.framework; sourceTree = SDKROOT; };
		19C7834C15CF060300E8831A /* Foundation.framework */ = {isa = PBXFileReference; lastKnownFileType = wrapper.framework; name = Foundation.framework; path = System/Library/Frameworks/Foundation.framework; sourceTree = SDKROOT; };
		19C7834E15CF060300E8831A /* CoreGraphics.framework */ = {isa = PBXFileReference; lastKnownFileType = wrapper.framework; name = CoreGraphics.framework; path = System/Library/Frameworks/CoreGraphics.framework; sourceTree = SDKROOT; };
		19F597F315CF4C45003E7CA0 /* AppDelegate.h */ = {isa = PBXFileReference; fileEncoding = 4; lastKnownFileType = sourcecode.c.h; name = AppDelegate.h; path = Classes/AppDelegate.h; sourceTree = SOURCE_ROOT; };
		19F597F415CF4C45003E7CA0 /* AppDelegate.m */ = {isa = PBXFileReference; fileEncoding = 4; lastKnownFileType = sourcecode.c.objc; name = AppDelegate.m; path = Classes/AppDelegate.m; sourceTree = SOURCE_ROOT; };
		19F597FD15CF4C68003E7CA0 /* FooBar-Info.plist */ = {isa = PBXFileReference; fileEncoding = 4; lastKnownFileType = text.plist.xml; name = "FooBar-Info.plist"; path = "Support/FooBar-Info.plist"; sourceTree = "<group>"; };
		19F597FE15CF4C68003E7CA0 /* FooBar-Prefix.pch */ = {isa = PBXFileReference; fileEncoding = 4; lastKnownFileType = sourcecode.c.h; name = "FooBar-Prefix.pch"; path = "Support/FooBar-Prefix.pch"; sourceTree = "<group>"; };
		19F5981E15CF4E4E003E7CA0 /* UnitTest.app */ = {isa = PBXFileReference; explicitFileType = wrapper.application; includeInIndex = 0; path = UnitTest.app; sourceTree = BUILT_PRODUCTS_DIR; };
		19F5982515CF4E4E003E7CA0 /* UnitTest-Info.plist */ = {isa = PBXFileReference; lastKnownFileType = text.plist.xml; path = "UnitTest-Info.plist"; sourceTree = "<group>"; };
		19F5982715CF4E4E003E7CA0 /* en */ = {isa = PBXFileReference; lastKnownFileType = text.plist.strings; name = en; path = en.lproj/InfoPlist.strings; sourceTree = "<group>"; };
		19F5982B15CF4E4E003E7CA0 /* UnitTest-Prefix.pch */ = {isa = PBXFileReference; lastKnownFileType = sourcecode.c.h; path = "UnitTest-Prefix.pch"; sourceTree = "<group>"; };
		19F5983715CF4FBC003E7CA0 /* libTestFlight.a */ = {isa = PBXFileReference; lastKnownFileType = archive.ar; path = libTestFlight.a; sourceTree = "<group>"; };
		19F5983815CF4FBC003E7CA0 /* TestFlight.h */ = {isa = PBXFileReference; fileEncoding = 4; lastKnownFileType = sourcecode.c.h; path = TestFlight.h; sourceTree = "<group>"; };
		19F5983915CF4FBC003E7CA0 /* GHUnitIOS.framework */ = {isa = PBXFileReference; lastKnownFileType = wrapper.framework; name = GHUnitIOS.framework; path = Dependencies/GHUnitIOS.framework; sourceTree = "<group>"; };
		19F5983A15CF4FBC003E7CA0 /* BlocksKit.framework */ = {isa = PBXFileReference; lastKnownFileType = wrapper.framework; name = BlocksKit.framework; path = Dependencies/BlocksKit.framework; sourceTree = "<group>"; };
		19F5984015CF504F003E7CA0 /* main.m */ = {isa = PBXFileReference; fileEncoding = 4; lastKnownFileType = sourcecode.c.objc; path = main.m; sourceTree = "<group>"; };
		19F5986F15CF50E8003E7CA0 /* main.m */ = {isa = PBXFileReference; fileEncoding = 4; lastKnownFileType = sourcecode.c.objc; name = main.m; path = Classes/main.m; sourceTree = SOURCE_ROOT; };
/* End PBXFileReference section */

/* Begin PBXFrameworksBuildPhase section */
		19C7834315CF060300E8831A /* Frameworks */ = {
			isa = PBXFrameworksBuildPhase;
			buildActionMask = 2147483647;
			files = (
				19C7834B15CF060300E8831A /* UIKit.framework in Frameworks */,
				19C7834F15CF060300E8831A /* CoreGraphics.framework in Frameworks */,
				19F5983B15CF4FBC003E7CA0 /* libTestFlight.a in Frameworks */,
				19F5983C15CF4FBC003E7CA0 /* GHUnitIOS.framework in Frameworks */,
				19F5983D15CF4FBC003E7CA0 /* BlocksKit.framework in Frameworks */,
				19F5987515CF517B003E7CA0 /* Foundation.framework in Frameworks */,
			);
			runOnlyForDeploymentPostprocessing = 0;
		};
		19F5981B15CF4E4E003E7CA0 /* Frameworks */ = {
			isa = PBXFrameworksBuildPhase;
			buildActionMask = 2147483647;
			files = (
				19F5982015CF4E4E003E7CA0 /* UIKit.framework in Frameworks */,
				19F5982215CF4E4E003E7CA0 /* CoreGraphics.framework in Frameworks */,
				19F5983E15CF4FD1003E7CA0 /* GHUnitIOS.framework in Frameworks */,
				19F5987615CF517B003E7CA0 /* Foundation.framework in Frameworks */,
			);
			runOnlyForDeploymentPostprocessing = 0;
		};
/* End PBXFrameworksBuildPhase section */

/* Begin PBXGroup section */
		197FA3B21654B70700FFBA39 /* Resources */ = {
			isa = PBXGroup;
			children = (
			);
			path = Resources;
			sourceTree = SOURCE_ROOT;
		};
		19C7833B15CF060300E8831A = {
			isa = PBXGroup;
			children = (
				19C7835015CF060300E8831A /* Classes */,
				197FA3B21654B70700FFBA39 /* Resources */,
				19F597F215CF4B77003E7CA0 /* Support */,
				19F5980015CF4C6F003E7CA0 /* Dependencies */,
				19F5982315CF4E4E003E7CA0 /* UnitTest */,
				19C7834915CF060300E8831A /* Frameworks */,
				19C7834715CF060300E8831A /* Products */,
			);
			sourceTree = "<group>";
		};
		19C7834715CF060300E8831A /* Products */ = {
			isa = PBXGroup;
			children = (
				19C7834615CF060300E8831A /* ${PRODUCT_NAME}.app */,
				19F5981E15CF4E4E003E7CA0 /* UnitTest.app */,
			);
			name = Products;
			sourceTree = "<group>";
		};
		19C7834915CF060300E8831A /* Frameworks */ = {
			isa = PBXGroup;
			children = (
				19C7834A15CF060300E8831A /* UIKit.framework */,
				19C7834C15CF060300E8831A /* Foundation.framework */,
				19C7834E15CF060300E8831A /* CoreGraphics.framework */,
			);
			name = Frameworks;
			sourceTree = "<group>";
		};
		19C7835015CF060300E8831A /* Classes */ = {
			isa = PBXGroup;
			children = (
				19F5986F15CF50E8003E7CA0 /* main.m */,
				19F597F315CF4C45003E7CA0 /* AppDelegate.h */,
				19F597F415CF4C45003E7CA0 /* AppDelegate.m */,
			);
			name = Classes;
			path = "${PRODUCT_NAME}";
			sourceTree = "<group>";
		};
		19F597F215CF4B77003E7CA0 /* Support */ = {
			isa = PBXGroup;
			children = (
				19F597FD15CF4C68003E7CA0 /* FooBar-Info.plist */,
				19F597FE15CF4C68003E7CA0 /* FooBar-Prefix.pch */,
			);
			name = Support;
			sourceTree = "<group>";
		};
		19F5980015CF4C6F003E7CA0 /* Dependencies */ = {
			isa = PBXGroup;
			children = (
				19F5983615CF4FBC003E7CA0 /* TestFlight */,
				19F5983915CF4FBC003E7CA0 /* GHUnitIOS.framework */,
				19F5983A15CF4FBC003E7CA0 /* BlocksKit.framework */,
			);
			name = Dependencies;
			sourceTree = "<group>";
		};
		19F5982315CF4E4E003E7CA0 /* UnitTest */ = {
			isa = PBXGroup;
			children = (
				19F5982415CF4E4E003E7CA0 /* Supporting Files */,
			);
			path = UnitTest;
			sourceTree = "<group>";
		};
		19F5982415CF4E4E003E7CA0 /* Supporting Files */ = {
			isa = PBXGroup;
			children = (
				19F5984015CF504F003E7CA0 /* main.m */,
				19F5982515CF4E4E003E7CA0 /* UnitTest-Info.plist */,
				19F5982615CF4E4E003E7CA0 /* InfoPlist.strings */,
				19F5982B15CF4E4E003E7CA0 /* UnitTest-Prefix.pch */,
			);
			name = "Supporting Files";
			sourceTree = "<group>";
		};
		19F5983615CF4FBC003E7CA0 /* TestFlight */ = {
			isa = PBXGroup;
			children = (
				19F5983715CF4FBC003E7CA0 /* libTestFlight.a */,
				19F5983815CF4FBC003E7CA0 /* TestFlight.h */,
			);
			name = TestFlight;
			path = Dependencies/TestFlight;
			sourceTree = "<group>";
		};
/* End PBXGroup section */

/* Begin PBXNativeTarget section */
		19C7834515CF060300E8831A /* FooBar */ = {
			isa = PBXNativeTarget;
			buildConfigurationList = 19C7835E15CF060300E8831A /* Build configuration list for PBXNativeTarget "FooBar" */;
			buildPhases = (
				19C7834215CF060300E8831A /* Sources */,
				19C7834315CF060300E8831A /* Frameworks */,
				19C7834415CF060300E8831A /* Resources */,
			);
			buildRules = (
			);
			dependencies = (
			);
			name = FooBar;
			productName = FooBar;
			productReference = 19C7834615CF060300E8831A /* ${PRODUCT_NAME}.app */;
			productType = "com.apple.product-type.application";
		};
		19F5981D15CF4E4E003E7CA0 /* UnitTest */ = {
			isa = PBXNativeTarget;
			buildConfigurationList = 19F5982F15CF4E4E003E7CA0 /* Build configuration list for PBXNativeTarget "UnitTest" */;
			buildPhases = (
				19F5981A15CF4E4E003E7CA0 /* Sources */,
				19F5981B15CF4E4E003E7CA0 /* Frameworks */,
				19F5981C15CF4E4E003E7CA0 /* Resources */,
			);
			buildRules = (
			);
			dependencies = (
			);
			name = UnitTest;
			productName = UnitTest;
			productReference = 19F5981E15CF4E4E003E7CA0 /* UnitTest.app */;
			productType = "com.apple.product-type.application";
		};
/* End PBXNativeTarget section */

/* Begin PBXProject section */
		19C7833D15CF060300E8831A /* Project object */ = {
			isa = PBXProject;
			attributes = {
				LastUpgradeCheck = 0440;
			};
			buildConfigurationList = 19C7834015CF060300E8831A /* Build configuration list for PBXProject "FooBar" */;
			compatibilityVersion = "Xcode 3.2";
			developmentRegion = English;
			hasScannedForEncodings = 0;
			knownRegions = (
				en,
			);
			mainGroup = 19C7833B15CF060300E8831A;
			productRefGroup = 19C7834715CF060300E8831A /* Products */;
			projectDirPath = "";
			projectRoot = "";
			targets = (
				19C7834515CF060300E8831A /* FooBar */,
				19F5981D15CF4E4E003E7CA0 /* UnitTest */,
				19F5980115CF4CB1003E7CA0 /* DevBuild */,
			);
		};
/* End PBXProject section */

/* Begin PBXResourcesBuildPhase section */
		19C7834415CF060300E8831A /* Resources */ = {
			isa = PBXResourcesBuildPhase;
			buildActionMask = 2147483647;
			files = (
			);
			runOnlyForDeploymentPostprocessing = 0;
		};
		19F5981C15CF4E4E003E7CA0 /* Resources */ = {
			isa = PBXResourcesBuildPhase;
			buildActionMask = 2147483647;
			files = (
				19F5982815CF4E4E003E7CA0 /* InfoPlist.strings in Resources */,
			);
			runOnlyForDeploymentPostprocessing = 0;
		};
/* End PBXResourcesBuildPhase section */

/* Begin PBXSourcesBuildPhase section */
		19C7834215CF060300E8831A /* Sources */ = {
			isa = PBXSourcesBuildPhase;
			buildActionMask = 2147483647;
			files = (
				19F597F615CF4C45003E7CA0 /* AppDelegate.m in Sources */,
				19F5987015CF50E8003E7CA0 /* main.m in Sources */,
			);
			runOnlyForDeploymentPostprocessing = 0;
		};
		19F5981A15CF4E4E003E7CA0 /* Sources */ = {
			isa = PBXSourcesBuildPhase;
			buildActionMask = 2147483647;
			files = (
				19F5984115CF504F003E7CA0 /* main.m in Sources */,
			);
			runOnlyForDeploymentPostprocessing = 0;
		};
/* End PBXSourcesBuildPhase section */

/* Begin PBXTargetDependency section */
		19F5987215CF514D003E7CA0 /* PBXTargetDependency */ = {
			isa = PBXTargetDependency;
			target = 19C7834515CF060300E8831A /* FooBar */;
			targetProxy = 19F5987115CF514D003E7CA0 /* PBXContainerItemProxy */;
		};
		19F5987415CF514D003E7CA0 /* PBXTargetDependency */ = {
			isa = PBXTargetDependency;
			target = 19F5981D15CF4E4E003E7CA0 /* UnitTest */;
			targetProxy = 19F5987315CF514D003E7CA0 /* PBXContainerItemProxy */;
		};
/* End PBXTargetDependency section */

/* Begin PBXVariantGroup section */
		19F5982615CF4E4E003E7CA0 /* InfoPlist.strings */ = {
			isa = PBXVariantGroup;
			children = (
				19F5982715CF4E4E003E7CA0 /* en */,
			);
			name = InfoPlist.strings;
			sourceTree = "<group>";
		};
/* End PBXVariantGroup section */

/* Begin XCBuildConfiguration section */
		19C7835C15CF060300E8831A /* Debug */ = {
			isa = XCBuildConfiguration;
			buildSettings = {
				ALWAYS_SEARCH_USER_PATHS = NO;
				ARCHS = "$(ARCHS_STANDARD_32_BIT)";
				CLANG_CXX_LANGUAGE_STANDARD = "gnu++0x";
				CLANG_ENABLE_OBJC_ARC = YES;
				CLANG_WARN__DUPLICATE_METHOD_MATCH = YES;
				"CODE_SIGN_IDENTITY[sdk=iphoneos*]" = "iPhone Developer";
				COPY_PHASE_STRIP = NO;
				GCC_C_LANGUAGE_STANDARD = gnu99;
				GCC_DYNAMIC_NO_PIC = NO;
				GCC_OPTIMIZATION_LEVEL = 0;
				GCC_PREPROCESSOR_DEFINITIONS = (
					"DEBUG=1",
					"$(inherited)",
				);
				GCC_SYMBOLS_PRIVATE_EXTERN = NO;
				GCC_VERSION = com.apple.compilers.llvm.clang.1_0;
				GCC_WARN_ABOUT_RETURN_TYPE = YES;
				GCC_WARN_UNINITIALIZED_AUTOS = YES;
				GCC_WARN_UNUSED_VARIABLE = YES;
				IPHONEOS_DEPLOYMENT_TARGET = 5.1;
				SDKROOT = iphoneos;
			};
			name = Debug;
		};
		19C7835D15CF060300E8831A /* Release */ = {
			isa = XCBuildConfiguration;
			buildSettings = {
				ALWAYS_SEARCH_USER_PATHS = NO;
				ARCHS = "$(ARCHS_STANDARD_32_BIT)";
				CLANG_CXX_LANGUAGE_STANDARD = "gnu++0x";
				CLANG_ENABLE_OBJC_ARC = YES;
				CLANG_WARN__DUPLICATE_METHOD_MATCH = YES;
				"CODE_SIGN_IDENTITY[sdk=iphoneos*]" = "iPhone Developer";
				COPY_PHASE_STRIP = YES;
				GCC_C_LANGUAGE_STANDARD = gnu99;
				GCC_VERSION = com.apple.compilers.llvm.clang.1_0;
				GCC_WARN_ABOUT_RETURN_TYPE = YES;
				GCC_WARN_UNINITIALIZED_AUTOS = YES;
				GCC_WARN_UNUSED_VARIABLE = YES;
				IPHONEOS_DEPLOYMENT_TARGET = 5.1;
				OTHER_CFLAGS = "-DNS_BLOCK_ASSERTIONS=1";
				SDKROOT = iphoneos;
				VALIDATE_PRODUCT = YES;
			};
			name = Release;
		};
		19C7835F15CF060300E8831A /* Debug */ = {
			isa = XCBuildConfiguration;
			buildSettings = {
				FRAMEWORK_SEARCH_PATHS = (
					"$(inherited)",
					"\"$(SRCROOT)\"",
					"\"$(SRCROOT)/Dependencies\"",
				);
				GCC_PRECOMPILE_PREFIX_HEADER = YES;
				GCC_PREFIX_HEADER = "Support/${PRODUCT_NAME}-Prefix.pch";
				INFOPLIST_FILE = "Support/${PRODUCT_NAME}-Info.plist";
				LIBRARY_SEARCH_PATHS = (
					"$(inherited)",
					"\"$(SRCROOT)/Dependencies/TestFlight\"",
				);
				PRODUCT_NAME = "$(TARGET_NAME)";
				WRAPPER_EXTENSION = app;
			};
			name = Debug;
		};
		19C7836015CF060300E8831A /* Release */ = {
			isa = XCBuildConfiguration;
			buildSettings = {
				FRAMEWORK_SEARCH_PATHS = (
					"$(inherited)",
					"\"$(SRCROOT)\"",
					"\"$(SRCROOT)/Dependencies\"",
				);
				GCC_PRECOMPILE_PREFIX_HEADER = YES;
				GCC_PREFIX_HEADER = "Support/${PRODUCT_NAME}-Prefix.pch";
				INFOPLIST_FILE = "Support/${PRODUCT_NAME}-Info.plist";
				LIBRARY_SEARCH_PATHS = (
					"$(inherited)",
					"\"$(SRCROOT)/Dependencies/TestFlight\"",
				);
				PRODUCT_NAME = "$(TARGET_NAME)";
				WRAPPER_EXTENSION = app;
			};
			name = Release;
		};
		19F5980315CF4CB1003E7CA0 /* Debug */ = {
			isa = XCBuildConfiguration;
			buildSettings = {
				PRODUCT_NAME = "$(TARGET_NAME)";
			};
			name = Debug;
		};
		19F5980415CF4CB1003E7CA0 /* Release */ = {
			isa = XCBuildConfiguration;
			buildSettings = {
				PRODUCT_NAME = "$(TARGET_NAME)";
			};
			name = Release;
		};
		19F5983015CF4E4E003E7CA0 /* Debug */ = {
			isa = XCBuildConfiguration;
			buildSettings = {
				CLANG_CXX_LIBRARY = "libc++";
				"CODE_SIGN_IDENTITY[sdk=iphoneos*]" = "iPhone Developer";
				FRAMEWORK_SEARCH_PATHS = (
					"$(inherited)",
					"\"$(SRCROOT)\"",
					"\"$(SRCROOT)/Dependencies\"",
				);
				GCC_PRECOMPILE_PREFIX_HEADER = YES;
				GCC_PREFIX_HEADER = "UnitTest/${PRODUCT_NAME}-Prefix.pch";
				INFOPLIST_FILE = "UnitTest/${PRODUCT_NAME}-Info.plist";
				IPHONEOS_DEPLOYMENT_TARGET = 6.0;
				PRODUCT_NAME = "$(TARGET_NAME)";
				WRAPPER_EXTENSION = app;
			};
			name = Debug;
		};
		19F5983115CF4E4E003E7CA0 /* Release */ = {
			isa = XCBuildConfiguration;
			buildSettings = {
				CLANG_CXX_LIBRARY = "libc++";
				"CODE_SIGN_IDENTITY[sdk=iphoneos*]" = "iPhone Developer";
				FRAMEWORK_SEARCH_PATHS = (
					"$(inherited)",
					"\"$(SRCROOT)\"",
					"\"$(SRCROOT)/Dependencies\"",
				);
				GCC_PRECOMPILE_PREFIX_HEADER = YES;
				GCC_PREFIX_HEADER = "UnitTest/${PRODUCT_NAME}-Prefix.pch";
				INFOPLIST_FILE = "UnitTest/${PRODUCT_NAME}-Info.plist";
				IPHONEOS_DEPLOYMENT_TARGET = 6.0;
				PRODUCT_NAME = "$(TARGET_NAME)";
				WRAPPER_EXTENSION = app;
			};
			name = Release;
		};
/* End XCBuildConfiguration section */

/* Begin XCConfigurationList section */
		19C7834015CF060300E8831A /* Build configuration list for PBXProject "FooBar" */ = {
			isa = XCConfigurationList;
			buildConfigurations = (
				19C7835C15CF060300E8831A /* Debug */,
				19C7835D15CF060300E8831A /* Release */,
			);
			defaultConfigurationIsVisible = 0;
			defaultConfigurationName = Release;
		};
		19C7835E15CF060300E8831A /* Build configuration list for PBXNativeTarget "FooBar" */ = {
			isa = XCConfigurationList;
			buildConfigurations = (
				19C7835F15CF060300E8831A /* Debug */,
				19C7836015CF060300E8831A /* Release */,
			);
			defaultConfigurationIsVisible = 0;
			defaultConfigurationName = Release;
		};
		19F5980215CF4CB1003E7CA0 /* Build configuration list for PBXAggregateTarget "DevBuild" */ = {
			isa = XCConfigurationList;
			buildConfigurations = (
				19F5980315CF4CB1003E7CA0 /* Debug */,
				19F5980415CF4CB1003E7CA0 /* Release */,
			);
			defaultConfigurationIsVisible = 0;
			defaultConfigurationName = Release;
		};
		19F5982F15CF4E4E003E7CA0 /* Build configuration list for PBXNativeTarget "UnitTest" */ = {
			isa = XCConfigurationList;
			buildConfigurations = (
				19F5983015CF4E4E003E7CA0 /* Debug */,
				19F5983115CF4E4E003E7CA0 /* Release */,
			);
			defaultConfigurationIsVisible = 0;
			defaultConfigurationName = Release;
		};
/* End XCConfigurationList section */
	};
	rootObject = 19C7833D15CF060300E8831A /* Project object */;
}
